// !$*UTF8*$!
{
	archiveVersion = 1;
	classes = {
	};
	objectVersion = 46;
	objects = {

/* Begin PBXBuildFile section */
		EFCA0C4C19F0671E00643E4D /* ai1.jpeg in Resources */ = {isa = PBXBuildFile; fileRef = EFCA0C4519F0671E00643E4D /* ai1.jpeg */; };
		EFCA0C4D19F0671E00643E4D /* ai2.jpeg in Resources */ = {isa = PBXBuildFile; fileRef = EFCA0C4619F0671E00643E4D /* ai2.jpeg */; };
		EFCA0C4E19F0671E00643E4D /* ai3.jpg in Resources */ = {isa = PBXBuildFile; fileRef = EFCA0C4719F0671E00643E4D /* ai3.jpg */; };
		EFCA0C4F19F0671E00643E4D /* ai4.jpg in Resources */ = {isa = PBXBuildFile; fileRef = EFCA0C4819F0671E00643E4D /* ai4.jpg */; };
		EFCA0C5119F0671E00643E4D /* snoop5.jpg in Resources */ = {isa = PBXBuildFile; fileRef = EFCA0C4A19F0671E00643E4D /* snoop5.jpg */; };
		EFCA0C5219F0671E00643E4D /* snoop6.jpeg in Resources */ = {isa = PBXBuildFile; fileRef = EFCA0C4B19F0671E00643E4D /* snoop6.jpeg */; };
		EFD34C2C19F0C1E00007D350 /* ViewPicker.m in Sources */ = {isa = PBXBuildFile; fileRef = EFD34C2B19F0C1E00007D350 /* ViewPicker.m */; };
		EFD47CE619EF075600FE22A6 /* Foundation.framework in Frameworks */ = {isa = PBXBuildFile; fileRef = EFD47CE519EF075600FE22A6 /* Foundation.framework */; };
		EFD47CE819EF075600FE22A6 /* CoreGraphics.framework in Frameworks */ = {isa = PBXBuildFile; fileRef = EFD47CE719EF075600FE22A6 /* CoreGraphics.framework */; };
		EFD47CEA19EF075600FE22A6 /* UIKit.framework in Frameworks */ = {isa = PBXBuildFile; fileRef = EFD47CE919EF075600FE22A6 /* UIKit.framework */; };
		EFD47CF019EF075600FE22A6 /* InfoPlist.strings in Resources */ = {isa = PBXBuildFile; fileRef = EFD47CEE19EF075600FE22A6 /* InfoPlist.strings */; };
		EFD47CF219EF075600FE22A6 /* main.m in Sources */ = {isa = PBXBuildFile; fileRef = EFD47CF119EF075600FE22A6 /* main.m */; };
		EFD47CF619EF075600FE22A6 /* AppDelegate.m in Sources */ = {isa = PBXBuildFile; fileRef = EFD47CF519EF075600FE22A6 /* AppDelegate.m */; };
		EFD47CF919EF075600FE22A6 /* Main.storyboard in Resources */ = {isa = PBXBuildFile; fileRef = EFD47CF719EF075600FE22A6 /* Main.storyboard */; };
		EFD47CFC19EF075600FE22A6 /* ViewController.m in Sources */ = {isa = PBXBuildFile; fileRef = EFD47CFB19EF075600FE22A6 /* ViewController.m */; };
		EFD47CFE19EF075600FE22A6 /* Images.xcassets in Resources */ = {isa = PBXBuildFile; fileRef = EFD47CFD19EF075600FE22A6 /* Images.xcassets */; };
		EFD47D0519EF075700FE22A6 /* XCTest.framework in Frameworks */ = {isa = PBXBuildFile; fileRef = EFD47D0419EF075700FE22A6 /* XCTest.framework */; };
		EFD47D0619EF075700FE22A6 /* Foundation.framework in Frameworks */ = {isa = PBXBuildFile; fileRef = EFD47CE519EF075600FE22A6 /* Foundation.framework */; };
		EFD47D0719EF075700FE22A6 /* UIKit.framework in Frameworks */ = {isa = PBXBuildFile; fileRef = EFD47CE919EF075600FE22A6 /* UIKit.framework */; };
		EFD47D0F19EF075700FE22A6 /* InfoPlist.strings in Resources */ = {isa = PBXBuildFile; fileRef = EFD47D0D19EF075700FE22A6 /* InfoPlist.strings */; };
		EFD47D1119EF075700FE22A6 /* ShareTests.m in Sources */ = {isa = PBXBuildFile; fileRef = EFD47D1019EF075700FE22A6 /* ShareTests.m */; };
		EFD47D1C19EF081C00FE22A6 /* View1.m in Sources */ = {isa = PBXBuildFile; fileRef = EFD47D1B19EF081C00FE22A6 /* View1.m */; };
		EFD47D1E19EF08F600FE22A6 /* snoop1.jpg in Resources */ = {isa = PBXBuildFile; fileRef = EFD47D1D19EF08F600FE22A6 /* snoop1.jpg */; };
		EFD47D2219EF0AD000FE22A6 /* cellWelcome.m in Sources */ = {isa = PBXBuildFile; fileRef = EFD47D2119EF0AD000FE22A6 /* cellWelcome.m */; };
		EFD47D2619EF0D9200FE22A6 /* snoop2.jpg in Resources */ = {isa = PBXBuildFile; fileRef = EFD47D2319EF0D9200FE22A6 /* snoop2.jpg */; };
		EFD47D2719EF0D9200FE22A6 /* snoop3.jpg in Resources */ = {isa = PBXBuildFile; fileRef = EFD47D2419EF0D9200FE22A6 /* snoop3.jpg */; };
		EFD47D2819EF0D9200FE22A6 /* snoop4.jpg in Resources */ = {isa = PBXBuildFile; fileRef = EFD47D2519EF0D9200FE22A6 /* snoop4.jpg */; };
		EFD47D2E19EF17C100FE22A6 /* View3.m in Sources */ = {isa = PBXBuildFile; fileRef = EFD47D2D19EF17C100FE22A6 /* View3.m */; };
		EFF3B1A619F0DA8500B99F6C /* aeromexico.jpg in Resources */ = {isa = PBXBuildFile; fileRef = EFF3B19F19F0DA8500B99F6C /* aeromexico.jpg */; };
		EFF3B1A719F0DA8500B99F6C /* clock.png in Resources */ = {isa = PBXBuildFile; fileRef = EFF3B1A019F0DA8500B99F6C /* clock.png */; };
		EFF3B1A819F0DA8600B99F6C /* contacts.png in Resources */ = {isa = PBXBuildFile; fileRef = EFF3B1A119F0DA8500B99F6C /* contacts.png */; };
		EFF3B1A919F0DA8600B99F6C /* interjet.png in Resources */ = {isa = PBXBuildFile; fileRef = EFF3B1A219F0DA8500B99F6C /* interjet.png */; };
		EFF3B1AA19F0DA8600B99F6C /* trips.png in Resources */ = {isa = PBXBuildFile; fileRef = EFF3B1A319F0DA8500B99F6C /* trips.png */; };
		EFF3B1AB19F0DA8600B99F6C /* viva.png in Resources */ = {isa = PBXBuildFile; fileRef = EFF3B1A419F0DA8500B99F6C /* viva.png */; };
		EFF3B1AC19F0DA8600B99F6C /* volaris.png in Resources */ = {isa = PBXBuildFile; fileRef = EFF3B1A519F0DA8500B99F6C /* volaris.png */; };
		EFF3B1AE19F0DB9800B99F6C /* aeromar.jpg in Resources */ = {isa = PBXBuildFile; fileRef = EFF3B1AD19F0DB9800B99F6C /* aeromar.jpg */; };
/* End PBXBuildFile section */

/* Begin PBXContainerItemProxy section */
		EFD47D0819EF075700FE22A6 /* PBXContainerItemProxy */ = {
			isa = PBXContainerItemProxy;
			containerPortal = EFD47CDA19EF075600FE22A6 /* Project object */;
			proxyType = 1;
			remoteGlobalIDString = EFD47CE119EF075600FE22A6;
			remoteInfo = Share;
		};
/* End PBXContainerItemProxy section */

/* Begin PBXFileReference section */
		EFCA0C4519F0671E00643E4D /* ai1.jpeg */ = {isa = PBXFileReference; lastKnownFileType = image.jpeg; name = ai1.jpeg; path = ../../../../Downloads/ai1.jpeg; sourceTree = "<group>"; };
		EFCA0C4619F0671E00643E4D /* ai2.jpeg */ = {isa = PBXFileReference; lastKnownFileType = image.jpeg; name = ai2.jpeg; path = ../../../../Downloads/ai2.jpeg; sourceTree = "<group>"; };
		EFCA0C4719F0671E00643E4D /* ai3.jpg */ = {isa = PBXFileReference; lastKnownFileType = image.jpeg; name = ai3.jpg; path = ../../../../Downloads/ai3.jpg; sourceTree = "<group>"; };
		EFCA0C4819F0671E00643E4D /* ai4.jpg */ = {isa = PBXFileReference; lastKnownFileType = image.jpeg; name = ai4.jpg; path = ../../../../Downloads/ai4.jpg; sourceTree = "<group>"; };
		EFCA0C4A19F0671E00643E4D /* snoop5.jpg */ = {isa = PBXFileReference; lastKnownFileType = image.jpeg; name = snoop5.jpg; path = ../../../../Downloads/snoop5.jpg; sourceTree = "<group>"; };
		EFCA0C4B19F0671E00643E4D /* snoop6.jpeg */ = {isa = PBXFileReference; lastKnownFileType = image.jpeg; name = snoop6.jpeg; path = ../../../../Downloads/snoop6.jpeg; sourceTree = "<group>"; };
		EFD34C2A19F0C1E00007D350 /* ViewPicker.h */ = {isa = PBXFileReference; fileEncoding = 4; lastKnownFileType = sourcecode.c.h; path = ViewPicker.h; sourceTree = "<group>"; };
		EFD34C2B19F0C1E00007D350 /* ViewPicker.m */ = {isa = PBXFileReference; fileEncoding = 4; lastKnownFileType = sourcecode.c.objc; path = ViewPicker.m; sourceTree = "<group>"; };
		EFD47CE219EF075600FE22A6 /* Share.app */ = {isa = PBXFileReference; explicitFileType = wrapper.application; includeInIndex = 0; path = Share.app; sourceTree = BUILT_PRODUCTS_DIR; };
		EFD47CE519EF075600FE22A6 /* Foundation.framework */ = {isa = PBXFileReference; lastKnownFileType = wrapper.framework; name = Foundation.framework; path = System/Library/Frameworks/Foundation.framework; sourceTree = SDKROOT; };
		EFD47CE719EF075600FE22A6 /* CoreGraphics.framework */ = {isa = PBXFileReference; lastKnownFileType = wrapper.framework; name = CoreGraphics.framework; path = System/Library/Frameworks/CoreGraphics.framework; sourceTree = SDKROOT; };
		EFD47CE919EF075600FE22A6 /* UIKit.framework */ = {isa = PBXFileReference; lastKnownFileType = wrapper.framework; name = UIKit.framework; path = System/Library/Frameworks/UIKit.framework; sourceTree = SDKROOT; };
		EFD47CED19EF075600FE22A6 /* Share-Info.plist */ = {isa = PBXFileReference; lastKnownFileType = text.plist.xml; path = "Share-Info.plist"; sourceTree = "<group>"; };
		EFD47CEF19EF075600FE22A6 /* en */ = {isa = PBXFileReference; lastKnownFileType = text.plist.strings; name = en; path = en.lproj/InfoPlist.strings; sourceTree = "<group>"; };
		EFD47CF119EF075600FE22A6 /* main.m */ = {isa = PBXFileReference; lastKnownFileType = sourcecode.c.objc; path = main.m; sourceTree = "<group>"; };
		EFD47CF319EF075600FE22A6 /* Share-Prefix.pch */ = {isa = PBXFileReference; lastKnownFileType = sourcecode.c.h; path = "Share-Prefix.pch"; sourceTree = "<group>"; };
		EFD47CF419EF075600FE22A6 /* AppDelegate.h */ = {isa = PBXFileReference; lastKnownFileType = sourcecode.c.h; path = AppDelegate.h; sourceTree = "<group>"; };
		EFD47CF519EF075600FE22A6 /* AppDelegate.m */ = {isa = PBXFileReference; lastKnownFileType = sourcecode.c.objc; path = AppDelegate.m; sourceTree = "<group>"; };
		EFD47CF819EF075600FE22A6 /* Base */ = {isa = PBXFileReference; lastKnownFileType = file.storyboard; name = Base; path = Base.lproj/Main.storyboard; sourceTree = "<group>"; };
		EFD47CFA19EF075600FE22A6 /* ViewController.h */ = {isa = PBXFileReference; lastKnownFileType = sourcecode.c.h; path = ViewController.h; sourceTree = "<group>"; };
		EFD47CFB19EF075600FE22A6 /* ViewController.m */ = {isa = PBXFileReference; lastKnownFileType = sourcecode.c.objc; path = ViewController.m; sourceTree = "<group>"; };
		EFD47CFD19EF075600FE22A6 /* Images.xcassets */ = {isa = PBXFileReference; lastKnownFileType = folder.assetcatalog; path = Images.xcassets; sourceTree = "<group>"; };
		EFD47D0319EF075700FE22A6 /* ShareTests.xctest */ = {isa = PBXFileReference; explicitFileType = wrapper.cfbundle; includeInIndex = 0; path = ShareTests.xctest; sourceTree = BUILT_PRODUCTS_DIR; };
		EFD47D0419EF075700FE22A6 /* XCTest.framework */ = {isa = PBXFileReference; lastKnownFileType = wrapper.framework; name = XCTest.framework; path = Library/Frameworks/XCTest.framework; sourceTree = DEVELOPER_DIR; };
		EFD47D0C19EF075700FE22A6 /* ShareTests-Info.plist */ = {isa = PBXFileReference; lastKnownFileType = text.plist.xml; path = "ShareTests-Info.plist"; sourceTree = "<group>"; };
		EFD47D0E19EF075700FE22A6 /* en */ = {isa = PBXFileReference; lastKnownFileType = text.plist.strings; name = en; path = en.lproj/InfoPlist.strings; sourceTree = "<group>"; };
		EFD47D1019EF075700FE22A6 /* ShareTests.m */ = {isa = PBXFileReference; lastKnownFileType = sourcecode.c.objc; path = ShareTests.m; sourceTree = "<group>"; };
		EFD47D1A19EF081C00FE22A6 /* View1.h */ = {isa = PBXFileReference; fileEncoding = 4; lastKnownFileType = sourcecode.c.h; path = View1.h; sourceTree = "<group>"; };
		EFD47D1B19EF081C00FE22A6 /* View1.m */ = {isa = PBXFileReference; fileEncoding = 4; lastKnownFileType = sourcecode.c.objc; path = View1.m; sourceTree = "<group>"; };
		EFD47D1D19EF08F600FE22A6 /* snoop1.jpg */ = {isa = PBXFileReference; lastKnownFileType = image.jpeg; name = snoop1.jpg; path = ../../../../Downloads/snoop1.jpg; sourceTree = "<group>"; };
		EFD47D2019EF0AD000FE22A6 /* cellWelcome.h */ = {isa = PBXFileReference; fileEncoding = 4; lastKnownFileType = sourcecode.c.h; path = cellWelcome.h; sourceTree = "<group>"; };
		EFD47D2119EF0AD000FE22A6 /* cellWelcome.m */ = {isa = PBXFileReference; fileEncoding = 4; lastKnownFileType = sourcecode.c.objc; path = cellWelcome.m; sourceTree = "<group>"; };
		EFD47D2319EF0D9200FE22A6 /* snoop2.jpg */ = {isa = PBXFileReference; lastKnownFileType = image.jpeg; name = snoop2.jpg; path = ../../../../Downloads/snoop2.jpg; sourceTree = "<group>"; };
		EFD47D2419EF0D9200FE22A6 /* snoop3.jpg */ = {isa = PBXFileReference; lastKnownFileType = image.jpeg; name = snoop3.jpg; path = ../../../../Downloads/snoop3.jpg; sourceTree = "<group>"; };
		EFD47D2519EF0D9200FE22A6 /* snoop4.jpg */ = {isa = PBXFileReference; lastKnownFileType = image.jpeg; name = snoop4.jpg; path = ../../../../Downloads/snoop4.jpg; sourceTree = "<group>"; };
		EFD47D2C19EF17C100FE22A6 /* View3.h */ = {isa = PBXFileReference; fileEncoding = 4; lastKnownFileType = sourcecode.c.h; path = View3.h; sourceTree = "<group>"; };
		EFD47D2D19EF17C100FE22A6 /* View3.m */ = {isa = PBXFileReference; fileEncoding = 4; lastKnownFileType = sourcecode.c.objc; path = View3.m; sourceTree = "<group>"; };
		EFF3B19F19F0DA8500B99F6C /* aeromexico.jpg */ = {isa = PBXFileReference; lastKnownFileType = image.jpeg; name = aeromexico.jpg; path = ../../../aeromexico.jpg; sourceTree = "<group>"; };
		EFF3B1A019F0DA8500B99F6C /* clock.png */ = {isa = PBXFileReference; lastKnownFileType = image.png; name = clock.png; path = ../../../clock.png; sourceTree = "<group>"; };
		EFF3B1A119F0DA8500B99F6C /* contacts.png */ = {isa = PBXFileReference; lastKnownFileType = image.png; name = contacts.png; path = ../../../contacts.png; sourceTree = "<group>"; };
		EFF3B1A219F0DA8500B99F6C /* interjet.png */ = {isa = PBXFileReference; lastKnownFileType = image.png; name = interjet.png; path = ../../../interjet.png; sourceTree = "<group>"; };
		EFF3B1A319F0DA8500B99F6C /* trips.png */ = {isa = PBXFileReference; lastKnownFileType = image.png; name = trips.png; path = ../../../trips.png; sourceTree = "<group>"; };
		EFF3B1A419F0DA8500B99F6C /* viva.png */ = {isa = PBXFileReference; lastKnownFileType = image.png; name = viva.png; path = ../../../viva.png; sourceTree = "<group>"; };
		EFF3B1A519F0DA8500B99F6C /* volaris.png */ = {isa = PBXFileReference; lastKnownFileType = image.png; name = volaris.png; path = ../../../volaris.png; sourceTree = "<group>"; };
		EFF3B1AD19F0DB9800B99F6C /* aeromar.jpg */ = {isa = PBXFileReference; lastKnownFileType = image.jpeg; name = aeromar.jpg; path = ../../../../Downloads/aeromar.jpg; sourceTree = "<group>"; };
/* End PBXFileReference section */

/* Begin PBXFrameworksBuildPhase section */
		EFD47CDF19EF075600FE22A6 /* Frameworks */ = {
			isa = PBXFrameworksBuildPhase;
			buildActionMask = 2147483647;
			files = (
				EFD47CE819EF075600FE22A6 /* CoreGraphics.framework in Frameworks */,
				EFD47CEA19EF075600FE22A6 /* UIKit.framework in Frameworks */,
				EFD47CE619EF075600FE22A6 /* Foundation.framework in Frameworks */,
			);
			runOnlyForDeploymentPostprocessing = 0;
		};
		EFD47D0019EF075700FE22A6 /* Frameworks */ = {
			isa = PBXFrameworksBuildPhase;
			buildActionMask = 2147483647;
			files = (
				EFD47D0519EF075700FE22A6 /* XCTest.framework in Frameworks */,
				EFD47D0719EF075700FE22A6 /* UIKit.framework in Frameworks */,
				EFD47D0619EF075700FE22A6 /* Foundation.framework in Frameworks */,
			);
			runOnlyForDeploymentPostprocessing = 0;
		};
/* End PBXFrameworksBuildPhase section */

/* Begin PBXGroup section */
		EFD47CD919EF075600FE22A6 = {
			isa = PBXGroup;
			children = (
				EFD47CEB19EF075600FE22A6 /* Share */,
				EFD47D0A19EF075700FE22A6 /* ShareTests */,
				EFD47CE419EF075600FE22A6 /* Frameworks */,
				EFD47CE319EF075600FE22A6 /* Products */,
			);
			sourceTree = "<group>";
		};
		EFD47CE319EF075600FE22A6 /* Products */ = {
			isa = PBXGroup;
			children = (
				EFD47CE219EF075600FE22A6 /* Share.app */,
				EFD47D0319EF075700FE22A6 /* ShareTests.xctest */,
			);
			name = Products;
			sourceTree = "<group>";
		};
		EFD47CE419EF075600FE22A6 /* Frameworks */ = {
			isa = PBXGroup;
			children = (
				EFD47CE519EF075600FE22A6 /* Foundation.framework */,
				EFD47CE719EF075600FE22A6 /* CoreGraphics.framework */,
				EFD47CE919EF075600FE22A6 /* UIKit.framework */,
				EFD47D0419EF075700FE22A6 /* XCTest.framework */,
			);
			name = Frameworks;
			sourceTree = "<group>";
		};
		EFD47CEB19EF075600FE22A6 /* Share */ = {
			isa = PBXGroup;
			children = (
				EFD47CF419EF075600FE22A6 /* AppDelegate.h */,
				EFD47CF519EF075600FE22A6 /* AppDelegate.m */,
				EFD47CF719EF075600FE22A6 /* Main.storyboard */,
				EFD47CFA19EF075600FE22A6 /* ViewController.h */,
				EFD47CFB19EF075600FE22A6 /* ViewController.m */,
				EFD47CFD19EF075600FE22A6 /* Images.xcassets */,
				EFD47CEC19EF075600FE22A6 /* Supporting Files */,
				EFD47D1A19EF081C00FE22A6 /* View1.h */,
				EFD47D1B19EF081C00FE22A6 /* View1.m */,
				EFD47D2019EF0AD000FE22A6 /* cellWelcome.h */,
				EFD47D2119EF0AD000FE22A6 /* cellWelcome.m */,
				EFD47D2C19EF17C100FE22A6 /* View3.h */,
				EFD47D2D19EF17C100FE22A6 /* View3.m */,
				EFD34C2A19F0C1E00007D350 /* ViewPicker.h */,
				EFD34C2B19F0C1E00007D350 /* ViewPicker.m */,
			);
			path = Share;
			sourceTree = "<group>";
		};
		EFD47CEC19EF075600FE22A6 /* Supporting Files */ = {
			isa = PBXGroup;
			children = (
				EFD47D1F19EF08FC00FE22A6 /* img */,
				EFD47CED19EF075600FE22A6 /* Share-Info.plist */,
				EFD47CEE19EF075600FE22A6 /* InfoPlist.strings */,
				EFD47CF119EF075600FE22A6 /* main.m */,
				EFD47CF319EF075600FE22A6 /* Share-Prefix.pch */,
			);
			name = "Supporting Files";
			sourceTree = "<group>";
		};
		EFD47D0A19EF075700FE22A6 /* ShareTests */ = {
			isa = PBXGroup;
			children = (
				EFD47D1019EF075700FE22A6 /* ShareTests.m */,
				EFD47D0B19EF075700FE22A6 /* Supporting Files */,
			);
			path = ShareTests;
			sourceTree = "<group>";
		};
		EFD47D0B19EF075700FE22A6 /* Supporting Files */ = {
			isa = PBXGroup;
			children = (
				EFD47D0C19EF075700FE22A6 /* ShareTests-Info.plist */,
				EFD47D0D19EF075700FE22A6 /* InfoPlist.strings */,
			);
			name = "Supporting Files";
			sourceTree = "<group>";
		};
		EFD47D1F19EF08FC00FE22A6 /* img */ = {
			isa = PBXGroup;
			children = (
				EFF3B1AD19F0DB9800B99F6C /* aeromar.jpg */,
				EFF3B19F19F0DA8500B99F6C /* aeromexico.jpg */,
				EFF3B1A019F0DA8500B99F6C /* clock.png */,
				EFF3B1A119F0DA8500B99F6C /* contacts.png */,
				EFF3B1A219F0DA8500B99F6C /* interjet.png */,
				EFF3B1A319F0DA8500B99F6C /* trips.png */,
				EFF3B1A419F0DA8500B99F6C /* viva.png */,
				EFF3B1A519F0DA8500B99F6C /* volaris.png */,
				EFCA0C4519F0671E00643E4D /* ai1.jpeg */,
				EFCA0C4619F0671E00643E4D /* ai2.jpeg */,
				EFCA0C4719F0671E00643E4D /* ai3.jpg */,
				EFCA0C4819F0671E00643E4D /* ai4.jpg */,
				EFCA0C4A19F0671E00643E4D /* snoop5.jpg */,
				EFCA0C4B19F0671E00643E4D /* snoop6.jpeg */,
				EFD47D2319EF0D9200FE22A6 /* snoop2.jpg */,
				EFD47D2419EF0D9200FE22A6 /* snoop3.jpg */,
				EFD47D2519EF0D9200FE22A6 /* snoop4.jpg */,
				EFD47D1D19EF08F600FE22A6 /* snoop1.jpg */,
			);
			name = img;
			sourceTree = "<group>";
		};
/* End PBXGroup section */

/* Begin PBXNativeTarget section */
		EFD47CE119EF075600FE22A6 /* Share */ = {
			isa = PBXNativeTarget;
			buildConfigurationList = EFD47D1419EF075700FE22A6 /* Build configuration list for PBXNativeTarget "Share" */;
			buildPhases = (
				EFD47CDE19EF075600FE22A6 /* Sources */,
				EFD47CDF19EF075600FE22A6 /* Frameworks */,
				EFD47CE019EF075600FE22A6 /* Resources */,
			);
			buildRules = (
			);
			dependencies = (
			);
			name = Share;
			productName = Share;
			productReference = EFD47CE219EF075600FE22A6 /* Share.app */;
			productType = "com.apple.product-type.application";
		};
		EFD47D0219EF075700FE22A6 /* ShareTests */ = {
			isa = PBXNativeTarget;
			buildConfigurationList = EFD47D1719EF075700FE22A6 /* Build configuration list for PBXNativeTarget "ShareTests" */;
			buildPhases = (
				EFD47CFF19EF075700FE22A6 /* Sources */,
				EFD47D0019EF075700FE22A6 /* Frameworks */,
				EFD47D0119EF075700FE22A6 /* Resources */,
			);
			buildRules = (
			);
			dependencies = (
				EFD47D0919EF075700FE22A6 /* PBXTargetDependency */,
			);
			name = ShareTests;
			productName = ShareTests;
			productReference = EFD47D0319EF075700FE22A6 /* ShareTests.xctest */;
			productType = "com.apple.product-type.bundle.unit-test";
		};
/* End PBXNativeTarget section */

/* Begin PBXProject section */
		EFD47CDA19EF075600FE22A6 /* Project object */ = {
			isa = PBXProject;
			attributes = {
				LastUpgradeCheck = 0510;
				ORGANIZATIONNAME = hanselitz;
				TargetAttributes = {
					EFD47D0219EF075700FE22A6 = {
						TestTargetID = EFD47CE119EF075600FE22A6;
					};
				};
			};
			buildConfigurationList = EFD47CDD19EF075600FE22A6 /* Build configuration list for PBXProject "Share" */;
			compatibilityVersion = "Xcode 3.2";
			developmentRegion = English;
			hasScannedForEncodings = 0;
			knownRegions = (
				en,
				Base,
			);
			mainGroup = EFD47CD919EF075600FE22A6;
			productRefGroup = EFD47CE319EF075600FE22A6 /* Products */;
			projectDirPath = "";
			projectRoot = "";
			targets = (
				EFD47CE119EF075600FE22A6 /* Share */,
				EFD47D0219EF075700FE22A6 /* ShareTests */,
			);
		};
/* End PBXProject section */

/* Begin PBXResourcesBuildPhase section */
		EFD47CE019EF075600FE22A6 /* Resources */ = {
			isa = PBXResourcesBuildPhase;
			buildActionMask = 2147483647;
			files = (
				EFCA0C5119F0671E00643E4D /* snoop5.jpg in Resources */,
				EFD47CFE19EF075600FE22A6 /* Images.xcassets in Resources */,
				EFF3B1AC19F0DA8600B99F6C /* volaris.png in Resources */,
				EFD47D2719EF0D9200FE22A6 /* snoop3.jpg in Resources */,
				EFD47D2619EF0D9200FE22A6 /* snoop2.jpg in Resources */,
				EFD47D1E19EF08F600FE22A6 /* snoop1.jpg in Resources */,
				EFF3B1A919F0DA8600B99F6C /* interjet.png in Resources */,
				EFCA0C5219F0671E00643E4D /* snoop6.jpeg in Resources */,
				EFF3B1A719F0DA8500B99F6C /* clock.png in Resources */,
				EFF3B1AA19F0DA8600B99F6C /* trips.png in Resources */,
				EFD47CF019EF075600FE22A6 /* InfoPlist.strings in Resources */,
				EFF3B1A619F0DA8500B99F6C /* aeromexico.jpg in Resources */,
				EFCA0C4F19F0671E00643E4D /* ai4.jpg in Resources */,
				EFF3B1AB19F0DA8600B99F6C /* viva.png in Resources */,
				EFD47CF919EF075600FE22A6 /* Main.storyboard in Resources */,
				EFD47D2819EF0D9200FE22A6 /* snoop4.jpg in Resources */,
				EFCA0C4E19F0671E00643E4D /* ai3.jpg in Resources */,
				EFCA0C4C19F0671E00643E4D /* ai1.jpeg in Resources */,
				EFF3B1A819F0DA8600B99F6C /* contacts.png in Resources */,
				EFCA0C4D19F0671E00643E4D /* ai2.jpeg in Resources */,
				EFF3B1AE19F0DB9800B99F6C /* aeromar.jpg in Resources */,
			);
			runOnlyForDeploymentPostprocessing = 0;
		};
		EFD47D0119EF075700FE22A6 /* Resources */ = {
			isa = PBXResourcesBuildPhase;
			buildActionMask = 2147483647;
			files = (
				EFD47D0F19EF075700FE22A6 /* InfoPlist.strings in Resources */,
			);
			runOnlyForDeploymentPostprocessing = 0;
		};
/* End PBXResourcesBuildPhase section */

/* Begin PBXSourcesBuildPhase section */
		EFD47CDE19EF075600FE22A6 /* Sources */ = {
			isa = PBXSourcesBuildPhase;
			buildActionMask = 2147483647;
			files = (
				EFD34C2C19F0C1E00007D350 /* ViewPicker.m in Sources */,
				EFD47CFC19EF075600FE22A6 /* ViewController.m in Sources */,
				EFD47D2E19EF17C100FE22A6 /* View3.m in Sources */,
				EFD47CF619EF075600FE22A6 /* AppDelegate.m in Sources */,
				EFD47D1C19EF081C00FE22A6 /* View1.m in Sources */,
				EFD47D2219EF0AD000FE22A6 /* cellWelcome.m in Sources */,
				EFD47CF219EF075600FE22A6 /* main.m in Sources */,
			);
			runOnlyForDeploymentPostprocessing = 0;
		};
		EFD47CFF19EF075700FE22A6 /* Sources */ = {
			isa = PBXSourcesBuildPhase;
			buildActionMask = 2147483647;
			files = (
				EFD47D1119EF075700FE22A6 /* ShareTests.m in Sources */,
			);
			runOnlyForDeploymentPostprocessing = 0;
		};
/* End PBXSourcesBuildPhase section */

/* Begin PBXTargetDependency section */
		EFD47D0919EF075700FE22A6 /* PBXTargetDependency */ = {
			isa = PBXTargetDependency;
			target = EFD47CE119EF075600FE22A6 /* Share */;
			targetProxy = EFD47D0819EF075700FE22A6 /* PBXContainerItemProxy */;
		};
/* End PBXTargetDependency section */

/* Begin PBXVariantGroup section */
		EFD47CEE19EF075600FE22A6 /* InfoPlist.strings */ = {
			isa = PBXVariantGroup;
			children = (
				EFD47CEF19EF075600FE22A6 /* en */,
			);
			name = InfoPlist.strings;
			sourceTree = "<group>";
		};
		EFD47CF719EF075600FE22A6 /* Main.storyboard */ = {
			isa = PBXVariantGroup;
			children = (
				EFD47CF819EF075600FE22A6 /* Base */,
			);
			name = Main.storyboard;
			sourceTree = "<group>";
		};
		EFD47D0D19EF075700FE22A6 /* InfoPlist.strings */ = {
			isa = PBXVariantGroup;
			children = (
				EFD47D0E19EF075700FE22A6 /* en */,
			);
			name = InfoPlist.strings;
			sourceTree = "<group>";
		};
/* End PBXVariantGroup section */

/* Begin XCBuildConfiguration section */
		EFD47D1219EF075700FE22A6 /* Debug */ = {
			isa = XCBuildConfiguration;
			buildSettings = {
				ALWAYS_SEARCH_USER_PATHS = NO;
				CLANG_CXX_LANGUAGE_STANDARD = "gnu++0x";
				CLANG_CXX_LIBRARY = "libc++";
				CLANG_ENABLE_MODULES = YES;
				CLANG_ENABLE_OBJC_ARC = YES;
				CLANG_WARN_BOOL_CONVERSION = YES;
				CLANG_WARN_CONSTANT_CONVERSION = YES;
				CLANG_WARN_DIRECT_OBJC_ISA_USAGE = YES_ERROR;
				CLANG_WARN_EMPTY_BODY = YES;
				CLANG_WARN_ENUM_CONVERSION = YES;
				CLANG_WARN_INT_CONVERSION = YES;
				CLANG_WARN_OBJC_ROOT_CLASS = YES_ERROR;
				CLANG_WARN__DUPLICATE_METHOD_MATCH = YES;
				"CODE_SIGN_IDENTITY[sdk=iphoneos*]" = "iPhone Developer";
				COPY_PHASE_STRIP = NO;
				GCC_C_LANGUAGE_STANDARD = gnu99;
				GCC_DYNAMIC_NO_PIC = NO;
				GCC_OPTIMIZATION_LEVEL = 0;
				GCC_PREPROCESSOR_DEFINITIONS = (
					"DEBUG=1",
					"$(inherited)",
				);
				GCC_SYMBOLS_PRIVATE_EXTERN = NO;
				GCC_WARN_64_TO_32_BIT_CONVERSION = YES;
				GCC_WARN_ABOUT_RETURN_TYPE = YES_ERROR;
				GCC_WARN_UNDECLARED_SELECTOR = YES;
				GCC_WARN_UNINITIALIZED_AUTOS = YES_AGGRESSIVE;
				GCC_WARN_UNUSED_FUNCTION = YES;
				GCC_WARN_UNUSED_VARIABLE = YES;
				IPHONEOS_DEPLOYMENT_TARGET = 7.1;
				ONLY_ACTIVE_ARCH = YES;
				SDKROOT = iphoneos;
			};
			name = Debug;
		};
		EFD47D1319EF075700FE22A6 /* Release */ = {
			isa = XCBuildConfiguration;
			buildSettings = {
				ALWAYS_SEARCH_USER_PATHS = NO;
				CLANG_CXX_LANGUAGE_STANDARD = "gnu++0x";
				CLANG_CXX_LIBRARY = "libc++";
				CLANG_ENABLE_MODULES = YES;
				CLANG_ENABLE_OBJC_ARC = YES;
				CLANG_WARN_BOOL_CONVERSION = YES;
				CLANG_WARN_CONSTANT_CONVERSION = YES;
				CLANG_WARN_DIRECT_OBJC_ISA_USAGE = YES_ERROR;
				CLANG_WARN_EMPTY_BODY = YES;
				CLANG_WARN_ENUM_CONVERSION = YES;
				CLANG_WARN_INT_CONVERSION = YES;
				CLANG_WARN_OBJC_ROOT_CLASS = YES_ERROR;
				CLANG_WARN__DUPLICATE_METHOD_MATCH = YES;
				"CODE_SIGN_IDENTITY[sdk=iphoneos*]" = "iPhone Developer";
				COPY_PHASE_STRIP = YES;
				ENABLE_NS_ASSERTIONS = NO;
				GCC_C_LANGUAGE_STANDARD = gnu99;
				GCC_WARN_64_TO_32_BIT_CONVERSION = YES;
				GCC_WARN_ABOUT_RETURN_TYPE = YES_ERROR;
				GCC_WARN_UNDECLARED_SELECTOR = YES;
				GCC_WARN_UNINITIALIZED_AUTOS = YES_AGGRESSIVE;
				GCC_WARN_UNUSED_FUNCTION = YES;
				GCC_WARN_UNUSED_VARIABLE = YES;
				IPHONEOS_DEPLOYMENT_TARGET = 7.1;
				SDKROOT = iphoneos;
				VALIDATE_PRODUCT = YES;
			};
			name = Release;
		};
		EFD47D1519EF075700FE22A6 /* Debug */ = {
			isa = XCBuildConfiguration;
			buildSettings = {
				ASSETCATALOG_COMPILER_APPICON_NAME = AppIcon;
				ASSETCATALOG_COMPILER_LAUNCHIMAGE_NAME = LaunchImage;
				GCC_PRECOMPILE_PREFIX_HEADER = YES;
				GCC_PREFIX_HEADER = "Share/Share-Prefix.pch";
				INFOPLIST_FILE = "Share/Share-Info.plist";
				PRODUCT_NAME = "$(TARGET_NAME)";
				WRAPPER_EXTENSION = app;
			};
			name = Debug;
		};
		EFD47D1619EF075700FE22A6 /* Release */ = {
			isa = XCBuildConfiguration;
			buildSettings = {
				ASSETCATALOG_COMPILER_APPICON_NAME = AppIcon;
				ASSETCATALOG_COMPILER_LAUNCHIMAGE_NAME = LaunchImage;
				GCC_PRECOMPILE_PREFIX_HEADER = YES;
				GCC_PREFIX_HEADER = "Share/Share-Prefix.pch";
				INFOPLIST_FILE = "Share/Share-Info.plist";
				PRODUCT_NAME = "$(TARGET_NAME)";
				WRAPPER_EXTENSION = app;
			};
			name = Release;
		};
		EFD47D1819EF075700FE22A6 /* Debug */ = {
			isa = XCBuildConfiguration;
			buildSettings = {
				BUNDLE_LOADER = "$(BUILT_PRODUCTS_DIR)/Share.app/Share";
				FRAMEWORK_SEARCH_PATHS = (
					"$(SDKROOT)/Developer/Library/Frameworks",
					"$(inherited)",
					"$(DEVELOPER_FRAMEWORKS_DIR)",
				);
				GCC_PRECOMPILE_PREFIX_HEADER = YES;
				GCC_PREFIX_HEADER = "Share/Share-Prefix.pch";
				GCC_PREPROCESSOR_DEFINITIONS = (
					"DEBUG=1",
					"$(inherited)",
				);
				INFOPLIST_FILE = "ShareTests/ShareTests-Info.plist";
				PRODUCT_NAME = "$(TARGET_NAME)";
				TEST_HOST = "$(BUNDLE_LOADER)";
				WRAPPER_EXTENSION = xctest;
			};
			name = Debug;
		};
		EFD47D1919EF075700FE22A6 /* Release */ = {
			isa = XCBuildConfiguration;
			buildSettings = {
				BUNDLE_LOADER = "$(BUILT_PRODUCTS_DIR)/Share.app/Share";
				FRAMEWORK_SEARCH_PATHS = (
					"$(SDKROOT)/Developer/Library/Frameworks",
					"$(inherited)",
					"$(DEVELOPER_FRAMEWORKS_DIR)",
				);
				GCC_PRECOMPILE_PREFIX_HEADER = YES;
				GCC_PREFIX_HEADER = "Share/Share-Prefix.pch";
				INFOPLIST_FILE = "ShareTests/ShareTests-Info.plist";
				PRODUCT_NAME = "$(TARGET_NAME)";
				TEST_HOST = "$(BUNDLE_LOADER)";
				WRAPPER_EXTENSION = xctest;
			};
			name = Release;
		};
/* End XCBuildConfiguration section */

/* Begin XCConfigurationList section */
		EFD47CDD19EF075600FE22A6 /* Build configuration list for PBXProject "Share" */ = {
			isa = XCConfigurationList;
			buildConfigurations = (
				EFD47D1219EF075700FE22A6 /* Debug */,
				EFD47D1319EF075700FE22A6 /* Release */,
			);
			defaultConfigurationIsVisible = 0;
			defaultConfigurationName = Release;
		};
		EFD47D1419EF075700FE22A6 /* Build configuration list for PBXNativeTarget "Share" */ = {
			isa = XCConfigurationList;
			buildConfigurations = (
				EFD47D1519EF075700FE22A6 /* Debug */,
				EFD47D1619EF075700FE22A6 /* Release */,
			);
			defaultConfigurationIsVisible = 0;
			defaultConfigurationName = Release;
		};
		EFD47D1719EF075700FE22A6 /* Build configuration list for PBXNativeTarget "ShareTests" */ = {
			isa = XCConfigurationList;
			buildConfigurations = (
				EFD47D1819EF075700FE22A6 /* Debug */,
				EFD47D1919EF075700FE22A6 /* Release */,
			);
			defaultConfigurationIsVisible = 0;
			defaultConfigurationName = Release;
		};
/* End XCConfigurationList section */
	};
	rootObject = EFD47CDA19EF075600FE22A6 /* Project object */;
}
